
Microsoft Visual Studio Solution File, Format Version 12.00
# Visual Studio 15
VisualStudioVersion = 15.0.28010.2036
MinimumVisualStudioVersion = 10.0.40219.1
Project("{9A19103F-16F7-4668-BE54-9A1E7A4F7556}") = "SIS.HTTP", "SIS.HTTP\SIS.HTTP.csproj", "{B51BE971-B03C-465B-B8B5-9E28A270A0F7}"
EndProject
Project("{9A19103F-16F7-4668-BE54-9A1E7A4F7556}") = "SIS.WebServer", "SIS.WebServer\SIS.WebServer.csproj", "{AFF46E03-8C82-4FFA-A0E3-3ACCE312A565}"
EndProject
Project("{9A19103F-16F7-4668-BE54-9A1E7A4F7556}") = "SIS.App", "SIS.App\SIS.App.csproj", "{6F09CF87-A7A3-4F6C-BA46-FBB152EB0AD5}"
	ProjectSection(ProjectDependencies) = postProject
		{AFF46E03-8C82-4FFA-A0E3-3ACCE312A565} = {AFF46E03-8C82-4FFA-A0E3-3ACCE312A565}
		{BC881495-B53A-4D5D-8619-1FF1BA5ADA6E} = {BC881495-B53A-4D5D-8619-1FF1BA5ADA6E}
	EndProjectSection
EndProject
Project("{2150E333-8FDC-42A3-9474-1A3956D46DE8}") = "Apps", "Apps", "{F4836FD0-A5A5-4942-BBDB-F0A07483B460}"
EndProject
Project("{9A19103F-16F7-4668-BE54-9A1E7A4F7556}") = "CakesWebApp", "CakesWebApp\CakesWebApp.csproj", "{C2AAE7D3-51CA-4DE6-AA2A-E986C1F91335}"
EndProject
Project("{9A19103F-16F7-4668-BE54-9A1E7A4F7556}") = "IRunesWebApp", "IRunesWebApp\IRunesWebApp.csproj", "{032ABB9D-86FC-48F5-A23B-721B81CA171A}"
	ProjectSection(ProjectDependencies) = postProject
		{AFF46E03-8C82-4FFA-A0E3-3ACCE312A565} = {AFF46E03-8C82-4FFA-A0E3-3ACCE312A565}
		{B51BE971-B03C-465B-B8B5-9E28A270A0F7} = {B51BE971-B03C-465B-B8B5-9E28A270A0F7}
	EndProjectSection
EndProject
Project("{9A19103F-16F7-4668-BE54-9A1E7A4F7556}") = "SIS.Framework", "SIS.Framework\SIS.Framework.csproj", "{BC881495-B53A-4D5D-8619-1FF1BA5ADA6E}"
EndProject
Project("{FAE04EC0-301F-11D3-BF4B-00C04F79EFBC}") = "TorshiaWebApp", "TorshiaWebApp\TorshiaWebApp.csproj", "{D999B623-644F-4F29-B68C-C1EDBA286EF6}"
EndProject
Global
	GlobalSection(SolutionConfigurationPlatforms) = preSolution
		Debug|Any CPU = Debug|Any CPU
		Release|Any CPU = Release|Any CPU
	EndGlobalSection
	GlobalSection(ProjectConfigurationPlatforms) = postSolution
		{B51BE971-B03C-465B-B8B5-9E28A270A0F7}.Debug|Any CPU.ActiveCfg = Debug|Any CPU
		{B51BE971-B03C-465B-B8B5-9E28A270A0F7}.Debug|Any CPU.Build.0 = Debug|Any CPU
		{B51BE971-B03C-465B-B8B5-9E28A270A0F7}.Release|Any CPU.ActiveCfg = Release|Any CPU
		{B51BE971-B03C-465B-B8B5-9E28A270A0F7}.Release|Any CPU.Build.0 = Release|Any CPU
		{AFF46E03-8C82-4FFA-A0E3-3ACCE312A565}.Debug|Any CPU.ActiveCfg = Debug|Any CPU
		{AFF46E03-8C82-4FFA-A0E3-3ACCE312A565}.Debug|Any CPU.Build.0 = Debug|Any CPU
		{AFF46E03-8C82-4FFA-A0E3-3ACCE312A565}.Release|Any CPU.ActiveCfg = Release|Any CPU
		{AFF46E03-8C82-4FFA-A0E3-3ACCE312A565}.Release|Any CPU.Build.0 = Release|Any CPU
		{6F09CF87-A7A3-4F6C-BA46-FBB152EB0AD5}.Debug|Any CPU.ActiveCfg = Debug|Any CPU
		{6F09CF87-A7A3-4F6C-BA46-FBB152EB0AD5}.Debug|Any CPU.Build.0 = Debug|Any CPU
		{6F09CF87-A7A3-4F6C-BA46-FBB152EB0AD5}.Release|Any CPU.ActiveCfg = Release|Any CPU
		{6F09CF87-A7A3-4F6C-BA46-FBB152EB0AD5}.Release|Any CPU.Build.0 = Release|Any CPU
		{C2AAE7D3-51CA-4DE6-AA2A-E986C1F91335}.Debug|Any CPU.ActiveCfg = Debug|Any CPU
		{C2AAE7D3-51CA-4DE6-AA2A-E986C1F91335}.Debug|Any CPU.Build.0 = Debug|Any CPU
		{C2AAE7D3-51CA-4DE6-AA2A-E986C1F91335}.Release|Any CPU.ActiveCfg = Release|Any CPU
		{C2AAE7D3-51CA-4DE6-AA2A-E986C1F91335}.Release|Any CPU.Build.0 = Release|Any CPU
		{032ABB9D-86FC-48F5-A23B-721B81CA171A}.Debug|Any CPU.ActiveCfg = Debug|Any CPU
		{032ABB9D-86FC-48F5-A23B-721B81CA171A}.Debug|Any CPU.Build.0 = Debug|Any CPU
		{032ABB9D-86FC-48F5-A23B-721B81CA171A}.Release|Any CPU.ActiveCfg = Release|Any CPU
		{032ABB9D-86FC-48F5-A23B-721B81CA171A}.Release|Any CPU.Build.0 = Release|Any CPU
		{BC881495-B53A-4D5D-8619-1FF1BA5ADA6E}.Debug|Any CPU.ActiveCfg = Debug|Any CPU
		{BC881495-B53A-4D5D-8619-1FF1BA5ADA6E}.Debug|Any CPU.Build.0 = Debug|Any CPU
		{BC881495-B53A-4D5D-8619-1FF1BA5ADA6E}.Release|Any CPU.ActiveCfg = Release|Any CPU
		{BC881495-B53A-4D5D-8619-1FF1BA5ADA6E}.Release|Any CPU.Build.0 = Release|Any CPU
		{D999B623-644F-4F29-B68C-C1EDBA286EF6}.Debug|Any CPU.ActiveCfg = Debug|Any CPU
		{D999B623-644F-4F29-B68C-C1EDBA286EF6}.Debug|Any CPU.Build.0 = Debug|Any CPU
		{D999B623-644F-4F29-B68C-C1EDBA286EF6}.Release|Any CPU.ActiveCfg = Release|Any CPU
		{D999B623-644F-4F29-B68C-C1EDBA286EF6}.Release|Any CPU.Build.0 = Release|Any CPU
	EndGlobalSection
	GlobalSection(SolutionProperties) = preSolution
		HideSolutionNode = FALSE
	EndGlobalSection
	GlobalSection(NestedProjects) = preSolution
		{C2AAE7D3-51CA-4DE6-AA2A-E986C1F91335} = {F4836FD0-A5A5-4942-BBDB-F0A07483B460}
		{032ABB9D-86FC-48F5-A23B-721B81CA171A} = {F4836FD0-A5A5-4942-BBDB-F0A07483B460}
		{D999B623-644F-4F29-B68C-C1EDBA286EF6} = {F4836FD0-A5A5-4942-BBDB-F0A07483B460}
	EndGlobalSection
	GlobalSection(ExtensibilityGlobals) = postSolution
		SolutionGuid = {C02CFB14-4B08-4FC2-AC2C-7F8D7F5F35C3}
	EndGlobalSection
EndGlobal
